
Microsoft Visual Studio Solution File, Format Version 12.00
# Visual Studio Version 16
VisualStudioVersion = 16.0.29102.190
MinimumVisualStudioVersion = 10.0.40219.1
Project("{FAE04EC0-301F-11D3-BF4B-00C04F79EFBC}") = "TTClips_API", "TTClips_API.csproj", "{BFEC73DA-61D2-4E5C-9ECA-BBB8C9EB4FED}"
EndProject
Global
	GlobalSection(SolutionConfigurationPlatforms) = preSolution
		Debug|Any CPU = Debug|Any CPU
		Release|Any CPU = Release|Any CPU
	EndGlobalSection
	GlobalSection(ProjectConfigurationPlatforms) = postSolution
		{BFEC73DA-61D2-4E5C-9ECA-BBB8C9EB4FED}.Debug|Any CPU.ActiveCfg = Debug|Any CPU
		{BFEC73DA-61D2-4E5C-9ECA-BBB8C9EB4FED}.Debug|Any CPU.Build.0 = Debug|Any CPU
		{BFEC73DA-61D2-4E5C-9ECA-BBB8C9EB4FED}.Release|Any CPU.ActiveCfg = Release|Any CPU
		{BFEC73DA-61D2-4E5C-9ECA-BBB8C9EB4FED}.Release|Any CPU.Build.0 = Release|Any CPU
	EndGlobalSection
	GlobalSection(SolutionProperties) = preSolution
		HideSolutionNode = FALSE
	EndGlobalSection
	GlobalSection(ExtensibilityGlobals) = postSolution
		SolutionGuid = {C30998CE-4747-4175-A0E5-05603E3A5A0A}
	EndGlobalSection
EndGlobal
